// !$*UTF8*$!
{
	archiveVersion = 1;
	classes = {
	};
	objectVersion = 55;
	objects = {

/* Begin PBXBuildFile section */
		13591AEF27D70FF0006FB453 /* AppDelegate.swift in Sources */ = {isa = PBXBuildFile; fileRef = 13591AEE27D70FF0006FB453 /* AppDelegate.swift */; };
		13591AF127D70FF0006FB453 /* SceneDelegate.swift in Sources */ = {isa = PBXBuildFile; fileRef = 13591AF027D70FF0006FB453 /* SceneDelegate.swift */; };
		13591AF327D70FF0006FB453 /* ViewController.swift in Sources */ = {isa = PBXBuildFile; fileRef = 13591AF227D70FF0006FB453 /* ViewController.swift */; };
		13591AF627D70FF0006FB453 /* Main.storyboard in Resources */ = {isa = PBXBuildFile; fileRef = 13591AF427D70FF0006FB453 /* Main.storyboard */; };
		13591AF927D70FF0006FB453 /* MovieDB.xcdatamodeld in Sources */ = {isa = PBXBuildFile; fileRef = 13591AF727D70FF0006FB453 /* MovieDB.xcdatamodeld */; };
		13591AFB27D70FF3006FB453 /* Assets.xcassets in Resources */ = {isa = PBXBuildFile; fileRef = 13591AFA27D70FF3006FB453 /* Assets.xcassets */; };
		13591AFE27D70FF3006FB453 /* LaunchScreen.storyboard in Resources */ = {isa = PBXBuildFile; fileRef = 13591AFC27D70FF3006FB453 /* LaunchScreen.storyboard */; };
		13591B0927D70FF4006FB453 /* MovieDBTests.swift in Sources */ = {isa = PBXBuildFile; fileRef = 13591B0827D70FF4006FB453 /* MovieDBTests.swift */; };
		13591B1327D70FF4006FB453 /* MovieDBUITests.swift in Sources */ = {isa = PBXBuildFile; fileRef = 13591B1227D70FF4006FB453 /* MovieDBUITests.swift */; };
		13591B1527D70FF4006FB453 /* MovieDBUITestsLaunchTests.swift in Sources */ = {isa = PBXBuildFile; fileRef = 13591B1427D70FF4006FB453 /* MovieDBUITestsLaunchTests.swift */; };
		13591B2227D71019006FB453 /* ReadMe.pdf in Resources */ = {isa = PBXBuildFile; fileRef = 13591B2127D71019006FB453 /* ReadMe.pdf */; };
		E19B219F2B29828B00C11D1C /* MovieDetailsTableViewCell.swift in Sources */ = {isa = PBXBuildFile; fileRef = E19B219D2B29828B00C11D1C /* MovieDetailsTableViewCell.swift */; };
		E19B21A02B29828B00C11D1C /* MovieDetailsTableViewCell.xib in Resources */ = {isa = PBXBuildFile; fileRef = E19B219E2B29828B00C11D1C /* MovieDetailsTableViewCell.xib */; };
		E19B21A32B29830C00C11D1C /* Constants.swift in Sources */ = {isa = PBXBuildFile; fileRef = E19B21A22B29830C00C11D1C /* Constants.swift */; };
/* End PBXBuildFile section */

/* Begin PBXContainerItemProxy section */
		13591B0527D70FF4006FB453 /* PBXContainerItemProxy */ = {
			isa = PBXContainerItemProxy;
			containerPortal = 13591AE327D70FF0006FB453 /* Project object */;
			proxyType = 1;
			remoteGlobalIDString = 13591AEA27D70FF0006FB453;
			remoteInfo = MovieDB;
		};
		13591B0F27D70FF4006FB453 /* PBXContainerItemProxy */ = {
			isa = PBXContainerItemProxy;
			containerPortal = 13591AE327D70FF0006FB453 /* Project object */;
			proxyType = 1;
			remoteGlobalIDString = 13591AEA27D70FF0006FB453;
			remoteInfo = MovieDB;
		};
/* End PBXContainerItemProxy section */

/* Begin PBXFileReference section */
		13591AEB27D70FF0006FB453 /* MovieDB.app */ = {isa = PBXFileReference; explicitFileType = wrapper.application; includeInIndex = 0; path = MovieDB.app; sourceTree = BUILT_PRODUCTS_DIR; };
		13591AEE27D70FF0006FB453 /* AppDelegate.swift */ = {isa = PBXFileReference; lastKnownFileType = sourcecode.swift; path = AppDelegate.swift; sourceTree = "<group>"; };
		13591AF027D70FF0006FB453 /* SceneDelegate.swift */ = {isa = PBXFileReference; lastKnownFileType = sourcecode.swift; path = SceneDelegate.swift; sourceTree = "<group>"; };
		13591AF227D70FF0006FB453 /* ViewController.swift */ = {isa = PBXFileReference; lastKnownFileType = sourcecode.swift; path = ViewController.swift; sourceTree = "<group>"; };
		13591AF527D70FF0006FB453 /* Base */ = {isa = PBXFileReference; lastKnownFileType = file.storyboard; name = Base; path = Base.lproj/Main.storyboard; sourceTree = "<group>"; };
		13591AF827D70FF0006FB453 /* MovieDB.xcdatamodel */ = {isa = PBXFileReference; lastKnownFileType = wrapper.xcdatamodel; path = MovieDB.xcdatamodel; sourceTree = "<group>"; };
		13591AFA27D70FF3006FB453 /* Assets.xcassets */ = {isa = PBXFileReference; lastKnownFileType = folder.assetcatalog; path = Assets.xcassets; sourceTree = "<group>"; };
		13591AFD27D70FF3006FB453 /* Base */ = {isa = PBXFileReference; lastKnownFileType = file.storyboard; name = Base; path = Base.lproj/LaunchScreen.storyboard; sourceTree = "<group>"; };
		13591AFF27D70FF3006FB453 /* Info.plist */ = {isa = PBXFileReference; lastKnownFileType = text.plist.xml; path = Info.plist; sourceTree = "<group>"; };
		13591B0427D70FF4006FB453 /* MovieDBTests.xctest */ = {isa = PBXFileReference; explicitFileType = wrapper.cfbundle; includeInIndex = 0; path = MovieDBTests.xctest; sourceTree = BUILT_PRODUCTS_DIR; };
		13591B0827D70FF4006FB453 /* MovieDBTests.swift */ = {isa = PBXFileReference; lastKnownFileType = sourcecode.swift; path = MovieDBTests.swift; sourceTree = "<group>"; };
		13591B0E27D70FF4006FB453 /* MovieDBUITests.xctest */ = {isa = PBXFileReference; explicitFileType = wrapper.cfbundle; includeInIndex = 0; path = MovieDBUITests.xctest; sourceTree = BUILT_PRODUCTS_DIR; };
		13591B1227D70FF4006FB453 /* MovieDBUITests.swift */ = {isa = PBXFileReference; lastKnownFileType = sourcecode.swift; path = MovieDBUITests.swift; sourceTree = "<group>"; };
		13591B1427D70FF4006FB453 /* MovieDBUITestsLaunchTests.swift */ = {isa = PBXFileReference; lastKnownFileType = sourcecode.swift; path = MovieDBUITestsLaunchTests.swift; sourceTree = "<group>"; };
		13591B2127D71019006FB453 /* ReadMe.pdf */ = {isa = PBXFileReference; lastKnownFileType = image.pdf; path = ReadMe.pdf; sourceTree = "<group>"; };
		E19B219D2B29828B00C11D1C /* MovieDetailsTableViewCell.swift */ = {isa = PBXFileReference; lastKnownFileType = sourcecode.swift; path = MovieDetailsTableViewCell.swift; sourceTree = "<group>"; };
		E19B219E2B29828B00C11D1C /* MovieDetailsTableViewCell.xib */ = {isa = PBXFileReference; lastKnownFileType = file.xib; path = MovieDetailsTableViewCell.xib; sourceTree = "<group>"; };
		E19B21A22B29830C00C11D1C /* Constants.swift */ = {isa = PBXFileReference; lastKnownFileType = sourcecode.swift; path = Constants.swift; sourceTree = "<group>"; };
/* End PBXFileReference section */

/* Begin PBXFrameworksBuildPhase section */
		13591AE827D70FF0006FB453 /* Frameworks */ = {
			isa = PBXFrameworksBuildPhase;
			buildActionMask = 2147483647;
			files = (
			);
			runOnlyForDeploymentPostprocessing = 0;
		};
		13591B0127D70FF4006FB453 /* Frameworks */ = {
			isa = PBXFrameworksBuildPhase;
			buildActionMask = 2147483647;
			files = (
			);
			runOnlyForDeploymentPostprocessing = 0;
		};
		13591B0B27D70FF4006FB453 /* Frameworks */ = {
			isa = PBXFrameworksBuildPhase;
			buildActionMask = 2147483647;
			files = (
			);
			runOnlyForDeploymentPostprocessing = 0;
		};
/* End PBXFrameworksBuildPhase section */

/* Begin PBXGroup section */
		13591AE227D70FF0006FB453 = {
			isa = PBXGroup;
			children = (
				13591AED27D70FF0006FB453 /* MovieDB */,
				13591B0727D70FF4006FB453 /* MovieDBTests */,
				13591B1127D70FF4006FB453 /* MovieDBUITests */,
				13591AEC27D70FF0006FB453 /* Products */,
			);
			sourceTree = "<group>";
		};
		13591AEC27D70FF0006FB453 /* Products */ = {
			isa = PBXGroup;
			children = (
				13591AEB27D70FF0006FB453 /* MovieDB.app */,
				13591B0427D70FF4006FB453 /* MovieDBTests.xctest */,
				13591B0E27D70FF4006FB453 /* MovieDBUITests.xctest */,
			);
			name = Products;
			sourceTree = "<group>";
		};
		13591AED27D70FF0006FB453 /* MovieDB */ = {
			isa = PBXGroup;
			children = (
				E1F5C0C22B29803000A779B6 /* App LifeCycle */,
				E1F5C0C42B29805300A779B6 /* Modules */,
				E1F5C0C32B29804000A779B6 /* Resources */,
				13591AFF27D70FF3006FB453 /* Info.plist */,
				E19B21A22B29830C00C11D1C /* Constants.swift */,
			);
			path = MovieDB;
			sourceTree = "<group>";
		};
		13591B0727D70FF4006FB453 /* MovieDBTests */ = {
			isa = PBXGroup;
			children = (
				13591B0827D70FF4006FB453 /* MovieDBTests.swift */,
			);
			path = MovieDBTests;
			sourceTree = "<group>";
		};
		13591B1127D70FF4006FB453 /* MovieDBUITests */ = {
			isa = PBXGroup;
			children = (
				13591B1227D70FF4006FB453 /* MovieDBUITests.swift */,
				13591B1427D70FF4006FB453 /* MovieDBUITestsLaunchTests.swift */,
			);
			path = MovieDBUITests;
			sourceTree = "<group>";
		};
		E19B219B2B29825100C11D1C /* Home */ = {
			isa = PBXGroup;
			children = (
				E19B219C2B29825A00C11D1C /* Views */,
			);
			path = Home;
			sourceTree = "<group>";
		};
		E19B219C2B29825A00C11D1C /* Views */ = {
			isa = PBXGroup;
			children = (
				13591AF227D70FF0006FB453 /* ViewController.swift */,
				13591AF427D70FF0006FB453 /* Main.storyboard */,
				E19B21A12B29828E00C11D1C /* Table Cell */,
			);
			path = Views;
			sourceTree = "<group>";
		};
		E19B21A12B29828E00C11D1C /* Table Cell */ = {
			isa = PBXGroup;
			children = (
				E19B219D2B29828B00C11D1C /* MovieDetailsTableViewCell.swift */,
				E19B219E2B29828B00C11D1C /* MovieDetailsTableViewCell.xib */,
			);
			path = "Table Cell";
			sourceTree = "<group>";
		};
		E1F5C0C22B29803000A779B6 /* App LifeCycle */ = {
			isa = PBXGroup;
			children = (
				13591AEE27D70FF0006FB453 /* AppDelegate.swift */,
				13591AF027D70FF0006FB453 /* SceneDelegate.swift */,
			);
			path = "App LifeCycle";
			sourceTree = "<group>";
		};
		E1F5C0C32B29804000A779B6 /* Resources */ = {
			isa = PBXGroup;
			children = (
				13591B2127D71019006FB453 /* ReadMe.pdf */,
				13591AF727D70FF0006FB453 /* MovieDB.xcdatamodeld */,
				13591AFA27D70FF3006FB453 /* Assets.xcassets */,
				13591AFC27D70FF3006FB453 /* LaunchScreen.storyboard */,
			);
			path = Resources;
			sourceTree = "<group>";
		};
		E1F5C0C42B29805300A779B6 /* Modules */ = {
			isa = PBXGroup;
			children = (
				E19B219B2B29825100C11D1C /* Home */,
			);
			path = Modules;
			sourceTree = "<group>";
		};
/* End PBXGroup section */

/* Begin PBXNativeTarget section */
		13591AEA27D70FF0006FB453 /* MovieDB */ = {
			isa = PBXNativeTarget;
			buildConfigurationList = 13591B1827D70FF4006FB453 /* Build configuration list for PBXNativeTarget "MovieDB" */;
			buildPhases = (
				13591AE727D70FF0006FB453 /* Sources */,
				13591AE827D70FF0006FB453 /* Frameworks */,
				13591AE927D70FF0006FB453 /* Resources */,
			);
			buildRules = (
			);
			dependencies = (
			);
			name = MovieDB;
			productName = MovieDB;
			productReference = 13591AEB27D70FF0006FB453 /* MovieDB.app */;
			productType = "com.apple.product-type.application";
		};
		13591B0327D70FF4006FB453 /* MovieDBTests */ = {
			isa = PBXNativeTarget;
			buildConfigurationList = 13591B1B27D70FF4006FB453 /* Build configuration list for PBXNativeTarget "MovieDBTests" */;
			buildPhases = (
				13591B0027D70FF4006FB453 /* Sources */,
				13591B0127D70FF4006FB453 /* Frameworks */,
				13591B0227D70FF4006FB453 /* Resources */,
			);
			buildRules = (
			);
			dependencies = (
				13591B0627D70FF4006FB453 /* PBXTargetDependency */,
			);
			name = MovieDBTests;
			productName = MovieDBTests;
			productReference = 13591B0427D70FF4006FB453 /* MovieDBTests.xctest */;
			productType = "com.apple.product-type.bundle.unit-test";
		};
		13591B0D27D70FF4006FB453 /* MovieDBUITests */ = {
			isa = PBXNativeTarget;
			buildConfigurationList = 13591B1E27D70FF4006FB453 /* Build configuration list for PBXNativeTarget "MovieDBUITests" */;
			buildPhases = (
				13591B0A27D70FF4006FB453 /* Sources */,
				13591B0B27D70FF4006FB453 /* Frameworks */,
				13591B0C27D70FF4006FB453 /* Resources */,
			);
			buildRules = (
			);
			dependencies = (
				13591B1027D70FF4006FB453 /* PBXTargetDependency */,
			);
			name = MovieDBUITests;
			productName = MovieDBUITests;
			productReference = 13591B0E27D70FF4006FB453 /* MovieDBUITests.xctest */;
			productType = "com.apple.product-type.bundle.ui-testing";
		};
/* End PBXNativeTarget section */

/* Begin PBXProject section */
		13591AE327D70FF0006FB453 /* Project object */ = {
			isa = PBXProject;
			attributes = {
				BuildIndependentTargetsInParallel = 1;
				LastSwiftUpdateCheck = 1320;
				LastUpgradeCheck = 1320;
				TargetAttributes = {
					13591AEA27D70FF0006FB453 = {
						CreatedOnToolsVersion = 13.2.1;
					};
					13591B0327D70FF4006FB453 = {
						CreatedOnToolsVersion = 13.2.1;
						TestTargetID = 13591AEA27D70FF0006FB453;
					};
					13591B0D27D70FF4006FB453 = {
						CreatedOnToolsVersion = 13.2.1;
						TestTargetID = 13591AEA27D70FF0006FB453;
					};
				};
			};
			buildConfigurationList = 13591AE627D70FF0006FB453 /* Build configuration list for PBXProject "MovieDB" */;
			compatibilityVersion = "Xcode 13.0";
			developmentRegion = en;
			hasScannedForEncodings = 0;
			knownRegions = (
				en,
				Base,
			);
			mainGroup = 13591AE227D70FF0006FB453;
			productRefGroup = 13591AEC27D70FF0006FB453 /* Products */;
			projectDirPath = "";
			projectRoot = "";
			targets = (
				13591AEA27D70FF0006FB453 /* MovieDB */,
				13591B0327D70FF4006FB453 /* MovieDBTests */,
				13591B0D27D70FF4006FB453 /* MovieDBUITests */,
			);
		};
/* End PBXProject section */

/* Begin PBXResourcesBuildPhase section */
		13591AE927D70FF0006FB453 /* Resources */ = {
			isa = PBXResourcesBuildPhase;
			buildActionMask = 2147483647;
			files = (
				13591B2227D71019006FB453 /* ReadMe.pdf in Resources */,
				13591AFE27D70FF3006FB453 /* LaunchScreen.storyboard in Resources */,
				13591AFB27D70FF3006FB453 /* Assets.xcassets in Resources */,
				E19B21A02B29828B00C11D1C /* MovieDetailsTableViewCell.xib in Resources */,
				13591AF627D70FF0006FB453 /* Main.storyboard in Resources */,
			);
			runOnlyForDeploymentPostprocessing = 0;
		};
		13591B0227D70FF4006FB453 /* Resources */ = {
			isa = PBXResourcesBuildPhase;
			buildActionMask = 2147483647;
			files = (
			);
			runOnlyForDeploymentPostprocessing = 0;
		};
		13591B0C27D70FF4006FB453 /* Resources */ = {
			isa = PBXResourcesBuildPhase;
			buildActionMask = 2147483647;
			files = (
			);
			runOnlyForDeploymentPostprocessing = 0;
		};
/* End PBXResourcesBuildPhase section */

/* Begin PBXSourcesBuildPhase section */
		13591AE727D70FF0006FB453 /* Sources */ = {
			isa = PBXSourcesBuildPhase;
			buildActionMask = 2147483647;
			files = (
				13591AF327D70FF0006FB453 /* ViewController.swift in Sources */,
				13591AEF27D70FF0006FB453 /* AppDelegate.swift in Sources */,
				13591AF927D70FF0006FB453 /* MovieDB.xcdatamodeld in Sources */,
				E19B219F2B29828B00C11D1C /* MovieDetailsTableViewCell.swift in Sources */,
				13591AF127D70FF0006FB453 /* SceneDelegate.swift in Sources */,
				E19B21A32B29830C00C11D1C /* Constants.swift in Sources */,
			);
			runOnlyForDeploymentPostprocessing = 0;
		};
		13591B0027D70FF4006FB453 /* Sources */ = {
			isa = PBXSourcesBuildPhase;
			buildActionMask = 2147483647;
			files = (
				13591B0927D70FF4006FB453 /* MovieDBTests.swift in Sources */,
			);
			runOnlyForDeploymentPostprocessing = 0;
		};
		13591B0A27D70FF4006FB453 /* Sources */ = {
			isa = PBXSourcesBuildPhase;
			buildActionMask = 2147483647;
			files = (
				13591B1327D70FF4006FB453 /* MovieDBUITests.swift in Sources */,
				13591B1527D70FF4006FB453 /* MovieDBUITestsLaunchTests.swift in Sources */,
			);
			runOnlyForDeploymentPostprocessing = 0;
		};
/* End PBXSourcesBuildPhase section */

/* Begin PBXTargetDependency section */
		13591B0627D70FF4006FB453 /* PBXTargetDependency */ = {
			isa = PBXTargetDependency;
			target = 13591AEA27D70FF0006FB453 /* MovieDB */;
			targetProxy = 13591B0527D70FF4006FB453 /* PBXContainerItemProxy */;
		};
		13591B1027D70FF4006FB453 /* PBXTargetDependency */ = {
			isa = PBXTargetDependency;
			target = 13591AEA27D70FF0006FB453 /* MovieDB */;
			targetProxy = 13591B0F27D70FF4006FB453 /* PBXContainerItemProxy */;
		};
/* End PBXTargetDependency section */

/* Begin PBXVariantGroup section */
		13591AF427D70FF0006FB453 /* Main.storyboard */ = {
			isa = PBXVariantGroup;
			children = (
				13591AF527D70FF0006FB453 /* Base */,
			);
			name = Main.storyboard;
			sourceTree = "<group>";
		};
		13591AFC27D70FF3006FB453 /* LaunchScreen.storyboard */ = {
			isa = PBXVariantGroup;
			children = (
				13591AFD27D70FF3006FB453 /* Base */,
			);
			name = LaunchScreen.storyboard;
			sourceTree = "<group>";
		};
/* End PBXVariantGroup section */

/* Begin XCBuildConfiguration section */
		13591B1627D70FF4006FB453 /* Debug */ = {
			isa = XCBuildConfiguration;
			buildSettings = {
				ALWAYS_SEARCH_USER_PATHS = NO;
				CLANG_ANALYZER_NONNULL = YES;
				CLANG_ANALYZER_NUMBER_OBJECT_CONVERSION = YES_AGGRESSIVE;
				CLANG_CXX_LANGUAGE_STANDARD = "gnu++17";
				CLANG_CXX_LIBRARY = "libc++";
				CLANG_ENABLE_MODULES = YES;
				CLANG_ENABLE_OBJC_ARC = YES;
				CLANG_ENABLE_OBJC_WEAK = YES;
				CLANG_WARN_BLOCK_CAPTURE_AUTORELEASING = YES;
				CLANG_WARN_BOOL_CONVERSION = YES;
				CLANG_WARN_COMMA = YES;
				CLANG_WARN_CONSTANT_CONVERSION = YES;
				CLANG_WARN_DEPRECATED_OBJC_IMPLEMENTATIONS = YES;
				CLANG_WARN_DIRECT_OBJC_ISA_USAGE = YES_ERROR;
				CLANG_WARN_DOCUMENTATION_COMMENTS = YES;
				CLANG_WARN_EMPTY_BODY = YES;
				CLANG_WARN_ENUM_CONVERSION = YES;
				CLANG_WARN_INFINITE_RECURSION = YES;
				CLANG_WARN_INT_CONVERSION = YES;
				CLANG_WARN_NON_LITERAL_NULL_CONVERSION = YES;
				CLANG_WARN_OBJC_IMPLICIT_RETAIN_SELF = YES;
				CLANG_WARN_OBJC_LITERAL_CONVERSION = YES;
				CLANG_WARN_OBJC_ROOT_CLASS = YES_ERROR;
				CLANG_WARN_QUOTED_INCLUDE_IN_FRAMEWORK_HEADER = YES;
				CLANG_WARN_RANGE_LOOP_ANALYSIS = YES;
				CLANG_WARN_STRICT_PROTOTYPES = YES;
				CLANG_WARN_SUSPICIOUS_MOVE = YES;
				CLANG_WARN_UNGUARDED_AVAILABILITY = YES_AGGRESSIVE;
				CLANG_WARN_UNREACHABLE_CODE = YES;
				CLANG_WARN__DUPLICATE_METHOD_MATCH = YES;
				COPY_PHASE_STRIP = NO;
				DEBUG_INFORMATION_FORMAT = dwarf;
				ENABLE_STRICT_OBJC_MSGSEND = YES;
				ENABLE_TESTABILITY = YES;
				GCC_C_LANGUAGE_STANDARD = gnu11;
				GCC_DYNAMIC_NO_PIC = NO;
				GCC_NO_COMMON_BLOCKS = YES;
				GCC_OPTIMIZATION_LEVEL = 0;
				GCC_PREPROCESSOR_DEFINITIONS = (
					"DEBUG=1",
					"$(inherited)",
				);
				GCC_WARN_64_TO_32_BIT_CONVERSION = YES;
				GCC_WARN_ABOUT_RETURN_TYPE = YES_ERROR;
				GCC_WARN_UNDECLARED_SELECTOR = YES;
				GCC_WARN_UNINITIALIZED_AUTOS = YES_AGGRESSIVE;
				GCC_WARN_UNUSED_FUNCTION = YES;
				GCC_WARN_UNUSED_VARIABLE = YES;
				IPHONEOS_DEPLOYMENT_TARGET = 15.2;
				MTL_ENABLE_DEBUG_INFO = INCLUDE_SOURCE;
				MTL_FAST_MATH = YES;
				ONLY_ACTIVE_ARCH = YES;
				SDKROOT = iphoneos;
				SWIFT_ACTIVE_COMPILATION_CONDITIONS = DEBUG;
				SWIFT_OPTIMIZATION_LEVEL = "-Onone";
			};
			name = Debug;
		};
		13591B1727D70FF4006FB453 /* Release */ = {
			isa = XCBuildConfiguration;
			buildSettings = {
				ALWAYS_SEARCH_USER_PATHS = NO;
				CLANG_ANALYZER_NONNULL = YES;
				CLANG_ANALYZER_NUMBER_OBJECT_CONVERSION = YES_AGGRESSIVE;
				CLANG_CXX_LANGUAGE_STANDARD = "gnu++17";
				CLANG_CXX_LIBRARY = "libc++";
				CLANG_ENABLE_MODULES = YES;
				CLANG_ENABLE_OBJC_ARC = YES;
				CLANG_ENABLE_OBJC_WEAK = YES;
				CLANG_WARN_BLOCK_CAPTURE_AUTORELEASING = YES;
				CLANG_WARN_BOOL_CONVERSION = YES;
				CLANG_WARN_COMMA = YES;
				CLANG_WARN_CONSTANT_CONVERSION = YES;
				CLANG_WARN_DEPRECATED_OBJC_IMPLEMENTATIONS = YES;
				CLANG_WARN_DIRECT_OBJC_ISA_USAGE = YES_ERROR;
				CLANG_WARN_DOCUMENTATION_COMMENTS = YES;
				CLANG_WARN_EMPTY_BODY = YES;
				CLANG_WARN_ENUM_CONVERSION = YES;
				CLANG_WARN_INFINITE_RECURSION = YES;
				CLANG_WARN_INT_CONVERSION = YES;
				CLANG_WARN_NON_LITERAL_NULL_CONVERSION = YES;
				CLANG_WARN_OBJC_IMPLICIT_RETAIN_SELF = YES;
				CLANG_WARN_OBJC_LITERAL_CONVERSION = YES;
				CLANG_WARN_OBJC_ROOT_CLASS = YES_ERROR;
				CLANG_WARN_QUOTED_INCLUDE_IN_FRAMEWORK_HEADER = YES;
				CLANG_WARN_RANGE_LOOP_ANALYSIS = YES;
				CLANG_WARN_STRICT_PROTOTYPES = YES;
				CLANG_WARN_SUSPICIOUS_MOVE = YES;
				CLANG_WARN_UNGUARDED_AVAILABILITY = YES_AGGRESSIVE;
				CLANG_WARN_UNREACHABLE_CODE = YES;
				CLANG_WARN__DUPLICATE_METHOD_MATCH = YES;
				COPY_PHASE_STRIP = NO;
				DEBUG_INFORMATION_FORMAT = "dwarf-with-dsym";
				ENABLE_NS_ASSERTIONS = NO;
				ENABLE_STRICT_OBJC_MSGSEND = YES;
				GCC_C_LANGUAGE_STANDARD = gnu11;
				GCC_NO_COMMON_BLOCKS = YES;
				GCC_WARN_64_TO_32_BIT_CONVERSION = YES;
				GCC_WARN_ABOUT_RETURN_TYPE = YES_ERROR;
				GCC_WARN_UNDECLARED_SELECTOR = YES;
				GCC_WARN_UNINITIALIZED_AUTOS = YES_AGGRESSIVE;
				GCC_WARN_UNUSED_FUNCTION = YES;
				GCC_WARN_UNUSED_VARIABLE = YES;
				IPHONEOS_DEPLOYMENT_TARGET = 15.2;
				MTL_ENABLE_DEBUG_INFO = NO;
				MTL_FAST_MATH = YES;
				SDKROOT = iphoneos;
				SWIFT_COMPILATION_MODE = wholemodule;
				SWIFT_OPTIMIZATION_LEVEL = "-O";
				VALIDATE_PRODUCT = YES;
			};
			name = Release;
		};
		13591B1927D70FF4006FB453 /* Debug */ = {
			isa = XCBuildConfiguration;
			buildSettings = {
				ASSETCATALOG_COMPILER_APPICON_NAME = AppIcon;
				ASSETCATALOG_COMPILER_GLOBAL_ACCENT_COLOR_NAME = AccentColor;
				CODE_SIGN_STYLE = Automatic;
				CURRENT_PROJECT_VERSION = 1;
				GENERATE_INFOPLIST_FILE = YES;
				INFOPLIST_FILE = MovieDB/Info.plist;
				INFOPLIST_KEY_UIApplicationSupportsIndirectInputEvents = YES;
				INFOPLIST_KEY_UILaunchStoryboardName = LaunchScreen;
				INFOPLIST_KEY_UIMainStoryboardFile = Main;
				INFOPLIST_KEY_UISupportedInterfaceOrientations_iPad = "UIInterfaceOrientationPortrait UIInterfaceOrientationPortraitUpsideDown UIInterfaceOrientationLandscapeLeft UIInterfaceOrientationLandscapeRight";
				INFOPLIST_KEY_UISupportedInterfaceOrientations_iPhone = "UIInterfaceOrientationPortrait UIInterfaceOrientationLandscapeLeft UIInterfaceOrientationLandscapeRight";
				LD_RUNPATH_SEARCH_PATHS = (
					"$(inherited)",
					"@executable_path/Frameworks",
				);
				MARKETING_VERSION = 1.0;
				PRODUCT_BUNDLE_IDENTIFIER = PhonePe.MovieDB;
				PRODUCT_NAME = "$(TARGET_NAME)";
				SWIFT_EMIT_LOC_STRINGS = YES;
				SWIFT_VERSION = 5.0;
				TARGETED_DEVICE_FAMILY = "1,2";
			};
			name = Debug;
		};
		13591B1A27D70FF4006FB453 /* Release */ = {
			isa = XCBuildConfiguration;
			buildSettings = {
				ASSETCATALOG_COMPILER_APPICON_NAME = AppIcon;
				ASSETCATALOG_COMPILER_GLOBAL_ACCENT_COLOR_NAME = AccentColor;
				CODE_SIGN_STYLE = Automatic;
				CURRENT_PROJECT_VERSION = 1;
				GENERATE_INFOPLIST_FILE = YES;
				INFOPLIST_FILE = MovieDB/Info.plist;
				INFOPLIST_KEY_UIApplicationSupportsIndirectInputEvents = YES;
				INFOPLIST_KEY_UILaunchStoryboardName = LaunchScreen;
				INFOPLIST_KEY_UIMainStoryboardFile = Main;
				INFOPLIST_KEY_UISupportedInterfaceOrientations_iPad = "UIInterfaceOrientationPortrait UIInterfaceOrientationPortraitUpsideDown UIInterfaceOrientationLandscapeLeft UIInterfaceOrientationLandscapeRight";
				INFOPLIST_KEY_UISupportedInterfaceOrientations_iPhone = "UIInterfaceOrientationPortrait UIInterfaceOrientationLandscapeLeft UIInterfaceOrientationLandscapeRight";
				LD_RUNPATH_SEARCH_PATHS = (
					"$(inherited)",
					"@executable_path/Frameworks",
				);
				MARKETING_VERSION = 1.0;
				PRODUCT_BUNDLE_IDENTIFIER = PhonePe.MovieDB;
				PRODUCT_NAME = "$(TARGET_NAME)";
				SWIFT_EMIT_LOC_STRINGS = YES;
				SWIFT_VERSION = 5.0;
				TARGETED_DEVICE_FAMILY = "1,2";
			};
			name = Release;
		};
		13591B1C27D70FF4006FB453 /* Debug */ = {
			isa = XCBuildConfiguration;
			buildSettings = {
				ALWAYS_EMBED_SWIFT_STANDARD_LIBRARIES = YES;
				BUNDLE_LOADER = "$(TEST_HOST)";
				CODE_SIGN_STYLE = Automatic;
				CURRENT_PROJECT_VERSION = 1;
				GENERATE_INFOPLIST_FILE = YES;
				IPHONEOS_DEPLOYMENT_TARGET = 15.2;
				MARKETING_VERSION = 1.0;
				PRODUCT_BUNDLE_IDENTIFIER = PhonePe.MovieDBTests;
				PRODUCT_NAME = "$(TARGET_NAME)";
				SWIFT_EMIT_LOC_STRINGS = NO;
				SWIFT_VERSION = 5.0;
				TARGETED_DEVICE_FAMILY = "1,2";
				TEST_HOST = "$(BUILT_PRODUCTS_DIR)/MovieDB.app/MovieDB";
			};
			name = Debug;
		};
		13591B1D27D70FF4006FB453 /* Release */ = {
			isa = XCBuildConfiguration;
			buildSettings = {
				ALWAYS_EMBED_SWIFT_STANDARD_LIBRARIES = YES;
				BUNDLE_LOADER = "$(TEST_HOST)";
				CODE_SIGN_STYLE = Automatic;
				CURRENT_PROJECT_VERSION = 1;
				GENERATE_INFOPLIST_FILE = YES;
				IPHONEOS_DEPLOYMENT_TARGET = 15.2;
				MARKETING_VERSION = 1.0;
				PRODUCT_BUNDLE_IDENTIFIER = PhonePe.MovieDBTests;
				PRODUCT_NAME = "$(TARGET_NAME)";
				SWIFT_EMIT_LOC_STRINGS = NO;
				SWIFT_VERSION = 5.0;
				TARGETED_DEVICE_FAMILY = "1,2";
				TEST_HOST = "$(BUILT_PRODUCTS_DIR)/MovieDB.app/MovieDB";
			};
			name = Release;
		};
		13591B1F27D70FF4006FB453 /* Debug */ = {
			isa = XCBuildConfiguration;
			buildSettings = {
				ALWAYS_EMBED_SWIFT_STANDARD_LIBRARIES = YES;
				CODE_SIGN_STYLE = Automatic;
				CURRENT_PROJECT_VERSION = 1;
				GENERATE_INFOPLIST_FILE = YES;
				MARKETING_VERSION = 1.0;
				PRODUCT_BUNDLE_IDENTIFIER = PhonePe.MovieDBUITests;
				PRODUCT_NAME = "$(TARGET_NAME)";
				SWIFT_EMIT_LOC_STRINGS = NO;
				SWIFT_VERSION = 5.0;
				TARGETED_DEVICE_FAMILY = "1,2";
				TEST_TARGET_NAME = MovieDB;
			};
			name = Debug;
		};
		13591B2027D70FF4006FB453 /* Release */ = {
			isa = XCBuildConfiguration;
			buildSettings = {
				ALWAYS_EMBED_SWIFT_STANDARD_LIBRARIES = YES;
				CODE_SIGN_STYLE = Automatic;
				CURRENT_PROJECT_VERSION = 1;
				GENERATE_INFOPLIST_FILE = YES;
				MARKETING_VERSION = 1.0;
				PRODUCT_BUNDLE_IDENTIFIER = PhonePe.MovieDBUITests;
				PRODUCT_NAME = "$(TARGET_NAME)";
				SWIFT_EMIT_LOC_STRINGS = NO;
				SWIFT_VERSION = 5.0;
				TARGETED_DEVICE_FAMILY = "1,2";
				TEST_TARGET_NAME = MovieDB;
			};
			name = Release;
		};
/* End XCBuildConfiguration section */

/* Begin XCConfigurationList section */
		13591AE627D70FF0006FB453 /* Build configuration list for PBXProject "MovieDB" */ = {
			isa = XCConfigurationList;
			buildConfigurations = (
				13591B1627D70FF4006FB453 /* Debug */,
				13591B1727D70FF4006FB453 /* Release */,
			);
			defaultConfigurationIsVisible = 0;
			defaultConfigurationName = Release;
		};
		13591B1827D70FF4006FB453 /* Build configuration list for PBXNativeTarget "MovieDB" */ = {
			isa = XCConfigurationList;
			buildConfigurations = (
				13591B1927D70FF4006FB453 /* Debug */,
				13591B1A27D70FF4006FB453 /* Release */,
			);
			defaultConfigurationIsVisible = 0;
			defaultConfigurationName = Release;
		};
		13591B1B27D70FF4006FB453 /* Build configuration list for PBXNativeTarget "MovieDBTests" */ = {
			isa = XCConfigurationList;
			buildConfigurations = (
				13591B1C27D70FF4006FB453 /* Debug */,
				13591B1D27D70FF4006FB453 /* Release */,
			);
			defaultConfigurationIsVisible = 0;
			defaultConfigurationName = Release;
		};
		13591B1E27D70FF4006FB453 /* Build configuration list for PBXNativeTarget "MovieDBUITests" */ = {
			isa = XCConfigurationList;
			buildConfigurations = (
				13591B1F27D70FF4006FB453 /* Debug */,
				13591B2027D70FF4006FB453 /* Release */,
			);
			defaultConfigurationIsVisible = 0;
			defaultConfigurationName = Release;
		};
/* End XCConfigurationList section */

/* Begin XCVersionGroup section */
		13591AF727D70FF0006FB453 /* MovieDB.xcdatamodeld */ = {
			isa = XCVersionGroup;
			children = (
				13591AF827D70FF0006FB453 /* MovieDB.xcdatamodel */,
			);
			currentVersion = 13591AF827D70FF0006FB453 /* MovieDB.xcdatamodel */;
			path = MovieDB.xcdatamodeld;
			sourceTree = "<group>";
			versionGroupType = wrapper.xcdatamodel;
		};
/* End XCVersionGroup section */
	};
	rootObject = 13591AE327D70FF0006FB453 /* Project object */;
}
